// !$*UTF8*$!
{
	archiveVersion = 1;
	classes = {
	};
	objectVersion = 50;
	objects = {

/* Begin PBXBuildFile section */
		010C646427D5302400CC708A /* APIClient.swift in Sources */ = {isa = PBXBuildFile; fileRef = 010C646327D5302400CC708A /* APIClient.swift */; };
		0149D50F27EF2C2C00764075 /* StudentListViewController.swift in Sources */ = {isa = PBXBuildFile; fileRef = 0149D50E27EF2C2C00764075 /* StudentListViewController.swift */; };
		0149D51127EF850C00764075 /* StudentInformationHandler.swift in Sources */ = {isa = PBXBuildFile; fileRef = 0149D51027EF850C00764075 /* StudentInformationHandler.swift */; };
		0149D51327EF8AAA00764075 /* StudentsViewsBaseClass.swift in Sources */ = {isa = PBXBuildFile; fileRef = 0149D51227EF8AAA00764075 /* StudentsViewsBaseClass.swift */; };
		018CB72327E7658A00B17F7E /* APIEndpoints.swift in Sources */ = {isa = PBXBuildFile; fileRef = 018CB72227E7658A00B17F7E /* APIEndpoints.swift */; };
		018CB72527E9073D00B17F7E /* MapViewController.swift in Sources */ = {isa = PBXBuildFile; fileRef = 018CB72427E9073D00B17F7E /* MapViewController.swift */; };
		01A5CC4226A4B39F00DA1886 /* AppDelegate.swift in Sources */ = {isa = PBXBuildFile; fileRef = 01A5CC4126A4B39F00DA1886 /* AppDelegate.swift */; };
		01A5CC4426A4B39F00DA1886 /* SceneDelegate.swift in Sources */ = {isa = PBXBuildFile; fileRef = 01A5CC4326A4B39F00DA1886 /* SceneDelegate.swift */; };
		01A5CC4626A4B39F00DA1886 /* LoginViewController.swift in Sources */ = {isa = PBXBuildFile; fileRef = 01A5CC4526A4B39F00DA1886 /* LoginViewController.swift */; };
		01A5CC4926A4B39F00DA1886 /* Main.storyboard in Resources */ = {isa = PBXBuildFile; fileRef = 01A5CC4726A4B39F00DA1886 /* Main.storyboard */; };
		01A5CC4C26A4B39F00DA1886 /* onthemap.xcdatamodeld in Sources */ = {isa = PBXBuildFile; fileRef = 01A5CC4A26A4B39F00DA1886 /* onthemap.xcdatamodeld */; };
		01A5CC4E26A4B3B400DA1886 /* Assets.xcassets in Resources */ = {isa = PBXBuildFile; fileRef = 01A5CC4D26A4B3B400DA1886 /* Assets.xcassets */; };
		01A5CC5126A4B3B400DA1886 /* LaunchScreen.storyboard in Resources */ = {isa = PBXBuildFile; fileRef = 01A5CC4F26A4B3B400DA1886 /* LaunchScreen.storyboard */; };
		01A5CC5C26A4B3B600DA1886 /* onthemapTests.swift in Sources */ = {isa = PBXBuildFile; fileRef = 01A5CC5B26A4B3B600DA1886 /* onthemapTests.swift */; };
		01A5CC6726A4B3B600DA1886 /* onthemapUITests.swift in Sources */ = {isa = PBXBuildFile; fileRef = 01A5CC6626A4B3B600DA1886 /* onthemapUITests.swift */; };
		01A5CC7D26A4B52000DA1886 /* StudentInformation.swift in Sources */ = {isa = PBXBuildFile; fileRef = 01A5CC7C26A4B52000DA1886 /* StudentInformation.swift */; };
/* End PBXBuildFile section */

/* Begin PBXContainerItemProxy section */
		01A5CC5826A4B3B600DA1886 /* PBXContainerItemProxy */ = {
			isa = PBXContainerItemProxy;
			containerPortal = 01A5CC3626A4B39F00DA1886 /* Project object */;
			proxyType = 1;
			remoteGlobalIDString = 01A5CC3D26A4B39F00DA1886;
			remoteInfo = onthemap;
		};
		01A5CC6326A4B3B600DA1886 /* PBXContainerItemProxy */ = {
			isa = PBXContainerItemProxy;
			containerPortal = 01A5CC3626A4B39F00DA1886 /* Project object */;
			proxyType = 1;
			remoteGlobalIDString = 01A5CC3D26A4B39F00DA1886;
			remoteInfo = onthemap;
		};
/* End PBXContainerItemProxy section */

/* Begin PBXFileReference section */
		010C646327D5302400CC708A /* APIClient.swift */ = {isa = PBXFileReference; lastKnownFileType = sourcecode.swift; path = APIClient.swift; sourceTree = "<group>"; };
		0149D50E27EF2C2C00764075 /* StudentListViewController.swift */ = {isa = PBXFileReference; lastKnownFileType = sourcecode.swift; path = StudentListViewController.swift; sourceTree = "<group>"; };
		0149D51027EF850C00764075 /* StudentInformationHandler.swift */ = {isa = PBXFileReference; lastKnownFileType = sourcecode.swift; path = StudentInformationHandler.swift; sourceTree = "<group>"; };
		0149D51227EF8AAA00764075 /* StudentsViewsBaseClass.swift */ = {isa = PBXFileReference; lastKnownFileType = sourcecode.swift; path = StudentsViewsBaseClass.swift; sourceTree = "<group>"; };
		018CB72227E7658A00B17F7E /* APIEndpoints.swift */ = {isa = PBXFileReference; lastKnownFileType = sourcecode.swift; path = APIEndpoints.swift; sourceTree = "<group>"; };
		018CB72427E9073D00B17F7E /* MapViewController.swift */ = {isa = PBXFileReference; lastKnownFileType = sourcecode.swift; path = MapViewController.swift; sourceTree = "<group>"; };
		01A5CC3E26A4B39F00DA1886 /* onthemap.app */ = {isa = PBXFileReference; explicitFileType = wrapper.application; includeInIndex = 0; path = onthemap.app; sourceTree = BUILT_PRODUCTS_DIR; };
		01A5CC4126A4B39F00DA1886 /* AppDelegate.swift */ = {isa = PBXFileReference; lastKnownFileType = sourcecode.swift; path = AppDelegate.swift; sourceTree = "<group>"; };
		01A5CC4326A4B39F00DA1886 /* SceneDelegate.swift */ = {isa = PBXFileReference; lastKnownFileType = sourcecode.swift; path = SceneDelegate.swift; sourceTree = "<group>"; };
		01A5CC4526A4B39F00DA1886 /* LoginViewController.swift */ = {isa = PBXFileReference; lastKnownFileType = sourcecode.swift; path = LoginViewController.swift; sourceTree = "<group>"; };
		01A5CC4826A4B39F00DA1886 /* Base */ = {isa = PBXFileReference; lastKnownFileType = file.storyboard; name = Base; path = Base.lproj/Main.storyboard; sourceTree = "<group>"; };
		01A5CC4B26A4B39F00DA1886 /* onthemap.xcdatamodel */ = {isa = PBXFileReference; lastKnownFileType = wrapper.xcdatamodel; path = onthemap.xcdatamodel; sourceTree = "<group>"; };
		01A5CC4D26A4B3B400DA1886 /* Assets.xcassets */ = {isa = PBXFileReference; lastKnownFileType = folder.assetcatalog; path = Assets.xcassets; sourceTree = "<group>"; };
		01A5CC5026A4B3B400DA1886 /* Base */ = {isa = PBXFileReference; lastKnownFileType = file.storyboard; name = Base; path = Base.lproj/LaunchScreen.storyboard; sourceTree = "<group>"; };
		01A5CC5226A4B3B400DA1886 /* Info.plist */ = {isa = PBXFileReference; lastKnownFileType = text.plist.xml; path = Info.plist; sourceTree = "<group>"; };
		01A5CC5726A4B3B600DA1886 /* onthemapTests.xctest */ = {isa = PBXFileReference; explicitFileType = wrapper.cfbundle; includeInIndex = 0; path = onthemapTests.xctest; sourceTree = BUILT_PRODUCTS_DIR; };
		01A5CC5B26A4B3B600DA1886 /* onthemapTests.swift */ = {isa = PBXFileReference; lastKnownFileType = sourcecode.swift; path = onthemapTests.swift; sourceTree = "<group>"; };
		01A5CC5D26A4B3B600DA1886 /* Info.plist */ = {isa = PBXFileReference; lastKnownFileType = text.plist.xml; path = Info.plist; sourceTree = "<group>"; };
		01A5CC6226A4B3B600DA1886 /* onthemapUITests.xctest */ = {isa = PBXFileReference; explicitFileType = wrapper.cfbundle; includeInIndex = 0; path = onthemapUITests.xctest; sourceTree = BUILT_PRODUCTS_DIR; };
		01A5CC6626A4B3B600DA1886 /* onthemapUITests.swift */ = {isa = PBXFileReference; lastKnownFileType = sourcecode.swift; path = onthemapUITests.swift; sourceTree = "<group>"; };
		01A5CC6826A4B3B600DA1886 /* Info.plist */ = {isa = PBXFileReference; lastKnownFileType = text.plist.xml; path = Info.plist; sourceTree = "<group>"; };
		01A5CC7C26A4B52000DA1886 /* StudentInformation.swift */ = {isa = PBXFileReference; lastKnownFileType = sourcecode.swift; path = StudentInformation.swift; sourceTree = "<group>"; };
/* End PBXFileReference section */

/* Begin PBXFrameworksBuildPhase section */
		01A5CC3B26A4B39F00DA1886 /* Frameworks */ = {
			isa = PBXFrameworksBuildPhase;
			buildActionMask = 2147483647;
			files = (
			);
			runOnlyForDeploymentPostprocessing = 0;
		};
		01A5CC5426A4B3B600DA1886 /* Frameworks */ = {
			isa = PBXFrameworksBuildPhase;
			buildActionMask = 2147483647;
			files = (
			);
			runOnlyForDeploymentPostprocessing = 0;
		};
		01A5CC5F26A4B3B600DA1886 /* Frameworks */ = {
			isa = PBXFrameworksBuildPhase;
			buildActionMask = 2147483647;
			files = (
			);
			runOnlyForDeploymentPostprocessing = 0;
		};
/* End PBXFrameworksBuildPhase section */

/* Begin PBXGroup section */
		010C646227D52FFC00CC708A /* API Client */ = {
			isa = PBXGroup;
			children = (
				010C646327D5302400CC708A /* APIClient.swift */,
				018CB72227E7658A00B17F7E /* APIEndpoints.swift */,
			);
			path = "API Client";
			sourceTree = "<group>";
		};
		01A5CC3526A4B39F00DA1886 = {
			isa = PBXGroup;
			children = (
				01A5CC4026A4B39F00DA1886 /* onthemap */,
				01A5CC5A26A4B3B600DA1886 /* onthemapTests */,
				01A5CC6526A4B3B600DA1886 /* onthemapUITests */,
				01A5CC3F26A4B39F00DA1886 /* Products */,
			);
			sourceTree = "<group>";
		};
		01A5CC3F26A4B39F00DA1886 /* Products */ = {
			isa = PBXGroup;
			children = (
				01A5CC3E26A4B39F00DA1886 /* onthemap.app */,
				01A5CC5726A4B3B600DA1886 /* onthemapTests.xctest */,
				01A5CC6226A4B3B600DA1886 /* onthemapUITests.xctest */,
			);
			name = Products;
			sourceTree = "<group>";
		};
		01A5CC4026A4B39F00DA1886 /* onthemap */ = {
			isa = PBXGroup;
			children = (
				010C646227D52FFC00CC708A /* API Client */,
				01A5CC7826A4B3E500DA1886 /* Controllers */,
				01A5CC7726A4B3DE00DA1886 /* Models */,
				01A5CC4126A4B39F00DA1886 /* AppDelegate.swift */,
				01A5CC4326A4B39F00DA1886 /* SceneDelegate.swift */,
				01A5CC4726A4B39F00DA1886 /* Main.storyboard */,
				01A5CC4D26A4B3B400DA1886 /* Assets.xcassets */,
				01A5CC4F26A4B3B400DA1886 /* LaunchScreen.storyboard */,
				01A5CC5226A4B3B400DA1886 /* Info.plist */,
				01A5CC4A26A4B39F00DA1886 /* onthemap.xcdatamodeld */,
			);
			path = onthemap;
			sourceTree = "<group>";
		};
		01A5CC5A26A4B3B600DA1886 /* onthemapTests */ = {
			isa = PBXGroup;
			children = (
				01A5CC5B26A4B3B600DA1886 /* onthemapTests.swift */,
				01A5CC5D26A4B3B600DA1886 /* Info.plist */,
			);
			path = onthemapTests;
			sourceTree = "<group>";
		};
		01A5CC6526A4B3B600DA1886 /* onthemapUITests */ = {
			isa = PBXGroup;
			children = (
				01A5CC6626A4B3B600DA1886 /* onthemapUITests.swift */,
				01A5CC6826A4B3B600DA1886 /* Info.plist */,
			);
			path = onthemapUITests;
			sourceTree = "<group>";
		};
		01A5CC7726A4B3DE00DA1886 /* Models */ = {
			isa = PBXGroup;
			children = (
				01A5CC7C26A4B52000DA1886 /* StudentInformation.swift */,
				0149D51027EF850C00764075 /* StudentInformationHandler.swift */,
			);
			path = Models;
			sourceTree = "<group>";
		};
		01A5CC7826A4B3E500DA1886 /* Controllers */ = {
			isa = PBXGroup;
			children = (
				01A5CC4526A4B39F00DA1886 /* LoginViewController.swift */,
				018CB72427E9073D00B17F7E /* MapViewController.swift */,
				0149D50E27EF2C2C00764075 /* StudentListViewController.swift */,
				0149D51227EF8AAA00764075 /* StudentsViewsBaseClass.swift */,
			);
			name = Controllers;
			sourceTree = "<group>";
		};
/* End PBXGroup section */

/* Begin PBXNativeTarget section */
		01A5CC3D26A4B39F00DA1886 /* onthemap */ = {
			isa = PBXNativeTarget;
			buildConfigurationList = 01A5CC6B26A4B3B600DA1886 /* Build configuration list for PBXNativeTarget "onthemap" */;
			buildPhases = (
				01A5CC3A26A4B39F00DA1886 /* Sources */,
				01A5CC3B26A4B39F00DA1886 /* Frameworks */,
				01A5CC3C26A4B39F00DA1886 /* Resources */,
			);
			buildRules = (
			);
			dependencies = (
			);
			name = onthemap;
			productName = onthemap;
			productReference = 01A5CC3E26A4B39F00DA1886 /* onthemap.app */;
			productType = "com.apple.product-type.application";
		};
		01A5CC5626A4B3B600DA1886 /* onthemapTests */ = {
			isa = PBXNativeTarget;
			buildConfigurationList = 01A5CC6E26A4B3B600DA1886 /* Build configuration list for PBXNativeTarget "onthemapTests" */;
			buildPhases = (
				01A5CC5326A4B3B600DA1886 /* Sources */,
				01A5CC5426A4B3B600DA1886 /* Frameworks */,
				01A5CC5526A4B3B600DA1886 /* Resources */,
			);
			buildRules = (
			);
			dependencies = (
				01A5CC5926A4B3B600DA1886 /* PBXTargetDependency */,
			);
			name = onthemapTests;
			productName = onthemapTests;
			productReference = 01A5CC5726A4B3B600DA1886 /* onthemapTests.xctest */;
			productType = "com.apple.product-type.bundle.unit-test";
		};
		01A5CC6126A4B3B600DA1886 /* onthemapUITests */ = {
			isa = PBXNativeTarget;
			buildConfigurationList = 01A5CC7126A4B3B600DA1886 /* Build configuration list for PBXNativeTarget "onthemapUITests" */;
			buildPhases = (
				01A5CC5E26A4B3B600DA1886 /* Sources */,
				01A5CC5F26A4B3B600DA1886 /* Frameworks */,
				01A5CC6026A4B3B600DA1886 /* Resources */,
			);
			buildRules = (
			);
			dependencies = (
				01A5CC6426A4B3B600DA1886 /* PBXTargetDependency */,
			);
			name = onthemapUITests;
			productName = onthemapUITests;
			productReference = 01A5CC6226A4B3B600DA1886 /* onthemapUITests.xctest */;
			productType = "com.apple.product-type.bundle.ui-testing";
		};
/* End PBXNativeTarget section */

/* Begin PBXProject section */
		01A5CC3626A4B39F00DA1886 /* Project object */ = {
			isa = PBXProject;
			attributes = {
				LastSwiftUpdateCheck = 1240;
				LastUpgradeCheck = 1240;
				TargetAttributes = {
					01A5CC3D26A4B39F00DA1886 = {
						CreatedOnToolsVersion = 12.4;
					};
					01A5CC5626A4B3B600DA1886 = {
						CreatedOnToolsVersion = 12.4;
						TestTargetID = 01A5CC3D26A4B39F00DA1886;
					};
					01A5CC6126A4B3B600DA1886 = {
						CreatedOnToolsVersion = 12.4;
						TestTargetID = 01A5CC3D26A4B39F00DA1886;
					};
				};
			};
			buildConfigurationList = 01A5CC3926A4B39F00DA1886 /* Build configuration list for PBXProject "onthemap" */;
			compatibilityVersion = "Xcode 9.3";
			developmentRegion = en;
			hasScannedForEncodings = 0;
			knownRegions = (
				en,
				Base,
			);
			mainGroup = 01A5CC3526A4B39F00DA1886;
			productRefGroup = 01A5CC3F26A4B39F00DA1886 /* Products */;
			projectDirPath = "";
			projectRoot = "";
			targets = (
				01A5CC3D26A4B39F00DA1886 /* onthemap */,
				01A5CC5626A4B3B600DA1886 /* onthemapTests */,
				01A5CC6126A4B3B600DA1886 /* onthemapUITests */,
			);
		};
/* End PBXProject section */

/* Begin PBXResourcesBuildPhase section */
		01A5CC3C26A4B39F00DA1886 /* Resources */ = {
			isa = PBXResourcesBuildPhase;
			buildActionMask = 2147483647;
			files = (
				01A5CC5126A4B3B400DA1886 /* LaunchScreen.storyboard in Resources */,
				01A5CC4E26A4B3B400DA1886 /* Assets.xcassets in Resources */,
				01A5CC4926A4B39F00DA1886 /* Main.storyboard in Resources */,
			);
			runOnlyForDeploymentPostprocessing = 0;
		};
		01A5CC5526A4B3B600DA1886 /* Resources */ = {
			isa = PBXResourcesBuildPhase;
			buildActionMask = 2147483647;
			files = (
			);
			runOnlyForDeploymentPostprocessing = 0;
		};
		01A5CC6026A4B3B600DA1886 /* Resources */ = {
			isa = PBXResourcesBuildPhase;
			buildActionMask = 2147483647;
			files = (
			);
			runOnlyForDeploymentPostprocessing = 0;
		};
/* End PBXResourcesBuildPhase section */

/* Begin PBXSourcesBuildPhase section */
		01A5CC3A26A4B39F00DA1886 /* Sources */ = {
			isa = PBXSourcesBuildPhase;
			buildActionMask = 2147483647;
			files = (
				01A5CC4626A4B39F00DA1886 /* LoginViewController.swift in Sources */,
				0149D51327EF8AAA00764075 /* StudentsViewsBaseClass.swift in Sources */,
				0149D50F27EF2C2C00764075 /* StudentListViewController.swift in Sources */,
				018CB72327E7658A00B17F7E /* APIEndpoints.swift in Sources */,
				0149D51127EF850C00764075 /* StudentInformationHandler.swift in Sources */,
				01A5CC4C26A4B39F00DA1886 /* onthemap.xcdatamodeld in Sources */,
				01A5CC4226A4B39F00DA1886 /* AppDelegate.swift in Sources */,
				01A5CC7D26A4B52000DA1886 /* StudentInformation.swift in Sources */,
				01A5CC4426A4B39F00DA1886 /* SceneDelegate.swift in Sources */,
				010C646427D5302400CC708A /* APIClient.swift in Sources */,
				018CB72527E9073D00B17F7E /* MapViewController.swift in Sources */,
			);
			runOnlyForDeploymentPostprocessing = 0;
		};
		01A5CC5326A4B3B600DA1886 /* Sources */ = {
			isa = PBXSourcesBuildPhase;
			buildActionMask = 2147483647;
			files = (
				01A5CC5C26A4B3B600DA1886 /* onthemapTests.swift in Sources */,
			);
			runOnlyForDeploymentPostprocessing = 0;
		};
		01A5CC5E26A4B3B600DA1886 /* Sources */ = {
			isa = PBXSourcesBuildPhase;
			buildActionMask = 2147483647;
			files = (
				01A5CC6726A4B3B600DA1886 /* onthemapUITests.swift in Sources */,
			);
			runOnlyForDeploymentPostprocessing = 0;
		};
/* End PBXSourcesBuildPhase section */

/* Begin PBXTargetDependency section */
		01A5CC5926A4B3B600DA1886 /* PBXTargetDependency */ = {
			isa = PBXTargetDependency;
			target = 01A5CC3D26A4B39F00DA1886 /* onthemap */;
			targetProxy = 01A5CC5826A4B3B600DA1886 /* PBXContainerItemProxy */;
		};
		01A5CC6426A4B3B600DA1886 /* PBXTargetDependency */ = {
			isa = PBXTargetDependency;
			target = 01A5CC3D26A4B39F00DA1886 /* onthemap */;
			targetProxy = 01A5CC6326A4B3B600DA1886 /* PBXContainerItemProxy */;
		};
/* End PBXTargetDependency section */

/* Begin PBXVariantGroup section */
		01A5CC4726A4B39F00DA1886 /* Main.storyboard */ = {
			isa = PBXVariantGroup;
			children = (
				01A5CC4826A4B39F00DA1886 /* Base */,
			);
			name = Main.storyboard;
			sourceTree = "<group>";
		};
		01A5CC4F26A4B3B400DA1886 /* LaunchScreen.storyboard */ = {
			isa = PBXVariantGroup;
			children = (
				01A5CC5026A4B3B400DA1886 /* Base */,
			);
			name = LaunchScreen.storyboard;
			sourceTree = "<group>";
		};
/* End PBXVariantGroup section */

/* Begin XCBuildConfiguration section */
		01A5CC6926A4B3B600DA1886 /* Debug */ = {
			isa = XCBuildConfiguration;
			buildSettings = {
				ALWAYS_SEARCH_USER_PATHS = NO;
				CLANG_ANALYZER_NONNULL = YES;
				CLANG_ANALYZER_NUMBER_OBJECT_CONVERSION = YES_AGGRESSIVE;
				CLANG_CXX_LANGUAGE_STANDARD = "gnu++14";
				CLANG_CXX_LIBRARY = "libc++";
				CLANG_ENABLE_MODULES = YES;
				CLANG_ENABLE_OBJC_ARC = YES;
				CLANG_ENABLE_OBJC_WEAK = YES;
				CLANG_WARN_BLOCK_CAPTURE_AUTORELEASING = YES;
				CLANG_WARN_BOOL_CONVERSION = YES;
				CLANG_WARN_COMMA = YES;
				CLANG_WARN_CONSTANT_CONVERSION = YES;
				CLANG_WARN_DEPRECATED_OBJC_IMPLEMENTATIONS = YES;
				CLANG_WARN_DIRECT_OBJC_ISA_USAGE = YES_ERROR;
				CLANG_WARN_DOCUMENTATION_COMMENTS = YES;
				CLANG_WARN_EMPTY_BODY = YES;
				CLANG_WARN_ENUM_CONVERSION = YES;
				CLANG_WARN_INFINITE_RECURSION = YES;
				CLANG_WARN_INT_CONVERSION = YES;
				CLANG_WARN_NON_LITERAL_NULL_CONVERSION = YES;
				CLANG_WARN_OBJC_IMPLICIT_RETAIN_SELF = YES;
				CLANG_WARN_OBJC_LITERAL_CONVERSION = YES;
				CLANG_WARN_OBJC_ROOT_CLASS = YES_ERROR;
				CLANG_WARN_QUOTED_INCLUDE_IN_FRAMEWORK_HEADER = YES;
				CLANG_WARN_RANGE_LOOP_ANALYSIS = YES;
				CLANG_WARN_STRICT_PROTOTYPES = YES;
				CLANG_WARN_SUSPICIOUS_MOVE = YES;
				CLANG_WARN_UNGUARDED_AVAILABILITY = YES_AGGRESSIVE;
				CLANG_WARN_UNREACHABLE_CODE = YES;
				CLANG_WARN__DUPLICATE_METHOD_MATCH = YES;
				COPY_PHASE_STRIP = NO;
				DEBUG_INFORMATION_FORMAT = dwarf;
				ENABLE_STRICT_OBJC_MSGSEND = YES;
				ENABLE_TESTABILITY = YES;
				GCC_C_LANGUAGE_STANDARD = gnu11;
				GCC_DYNAMIC_NO_PIC = NO;
				GCC_NO_COMMON_BLOCKS = YES;
				GCC_OPTIMIZATION_LEVEL = 0;
				GCC_PREPROCESSOR_DEFINITIONS = (
					"DEBUG=1",
					"$(inherited)",
				);
				GCC_WARN_64_TO_32_BIT_CONVERSION = YES;
				GCC_WARN_ABOUT_RETURN_TYPE = YES_ERROR;
				GCC_WARN_UNDECLARED_SELECTOR = YES;
				GCC_WARN_UNINITIALIZED_AUTOS = YES_AGGRESSIVE;
				GCC_WARN_UNUSED_FUNCTION = YES;
				GCC_WARN_UNUSED_VARIABLE = YES;
				IPHONEOS_DEPLOYMENT_TARGET = 14.4;
				MTL_ENABLE_DEBUG_INFO = INCLUDE_SOURCE;
				MTL_FAST_MATH = YES;
				ONLY_ACTIVE_ARCH = YES;
				SDKROOT = iphoneos;
				SWIFT_ACTIVE_COMPILATION_CONDITIONS = DEBUG;
				SWIFT_OPTIMIZATION_LEVEL = "-Onone";
			};
			name = Debug;
		};
		01A5CC6A26A4B3B600DA1886 /* Release */ = {
			isa = XCBuildConfiguration;
			buildSettings = {
				ALWAYS_SEARCH_USER_PATHS = NO;
				CLANG_ANALYZER_NONNULL = YES;
				CLANG_ANALYZER_NUMBER_OBJECT_CONVERSION = YES_AGGRESSIVE;
				CLANG_CXX_LANGUAGE_STANDARD = "gnu++14";
				CLANG_CXX_LIBRARY = "libc++";
				CLANG_ENABLE_MODULES = YES;
				CLANG_ENABLE_OBJC_ARC = YES;
				CLANG_ENABLE_OBJC_WEAK = YES;
				CLANG_WARN_BLOCK_CAPTURE_AUTORELEASING = YES;
				CLANG_WARN_BOOL_CONVERSION = YES;
				CLANG_WARN_COMMA = YES;
				CLANG_WARN_CONSTANT_CONVERSION = YES;
				CLANG_WARN_DEPRECATED_OBJC_IMPLEMENTATIONS = YES;
				CLANG_WARN_DIRECT_OBJC_ISA_USAGE = YES_ERROR;
				CLANG_WARN_DOCUMENTATION_COMMENTS = YES;
				CLANG_WARN_EMPTY_BODY = YES;
				CLANG_WARN_ENUM_CONVERSION = YES;
				CLANG_WARN_INFINITE_RECURSION = YES;
				CLANG_WARN_INT_CONVERSION = YES;
				CLANG_WARN_NON_LITERAL_NULL_CONVERSION = YES;
				CLANG_WARN_OBJC_IMPLICIT_RETAIN_SELF = YES;
				CLANG_WARN_OBJC_LITERAL_CONVERSION = YES;
				CLANG_WARN_OBJC_ROOT_CLASS = YES_ERROR;
				CLANG_WARN_QUOTED_INCLUDE_IN_FRAMEWORK_HEADER = YES;
				CLANG_WARN_RANGE_LOOP_ANALYSIS = YES;
				CLANG_WARN_STRICT_PROTOTYPES = YES;
				CLANG_WARN_SUSPICIOUS_MOVE = YES;
				CLANG_WARN_UNGUARDED_AVAILABILITY = YES_AGGRESSIVE;
				CLANG_WARN_UNREACHABLE_CODE = YES;
				CLANG_WARN__DUPLICATE_METHOD_MATCH = YES;
				COPY_PHASE_STRIP = NO;
				DEBUG_INFORMATION_FORMAT = "dwarf-with-dsym";
				ENABLE_NS_ASSERTIONS = NO;
				ENABLE_STRICT_OBJC_MSGSEND = YES;
				GCC_C_LANGUAGE_STANDARD = gnu11;
				GCC_NO_COMMON_BLOCKS = YES;
				GCC_WARN_64_TO_32_BIT_CONVERSION = YES;
				GCC_WARN_ABOUT_RETURN_TYPE = YES_ERROR;
				GCC_WARN_UNDECLARED_SELECTOR = YES;
				GCC_WARN_UNINITIALIZED_AUTOS = YES_AGGRESSIVE;
				GCC_WARN_UNUSED_FUNCTION = YES;
				GCC_WARN_UNUSED_VARIABLE = YES;
				IPHONEOS_DEPLOYMENT_TARGET = 14.4;
				MTL_ENABLE_DEBUG_INFO = NO;
				MTL_FAST_MATH = YES;
				SDKROOT = iphoneos;
				SWIFT_COMPILATION_MODE = wholemodule;
				SWIFT_OPTIMIZATION_LEVEL = "-O";
				VALIDATE_PRODUCT = YES;
			};
			name = Release;
		};
		01A5CC6C26A4B3B600DA1886 /* Debug */ = {
			isa = XCBuildConfiguration;
			buildSettings = {
				ASSETCATALOG_COMPILER_APPICON_NAME = AppIcon;
				ASSETCATALOG_COMPILER_GLOBAL_ACCENT_COLOR_NAME = AccentColor;
				CODE_SIGN_STYLE = Automatic;
				DEVELOPMENT_TEAM = 24SZHTJR7B;
				INFOPLIST_FILE = onthemap/Info.plist;
				LD_RUNPATH_SEARCH_PATHS = (
					"$(inherited)",
					"@executable_path/Frameworks",
				);
				PRODUCT_BUNDLE_IDENTIFIER = iosnd.onthemap;
				PRODUCT_NAME = "$(TARGET_NAME)";
				SWIFT_VERSION = 5.0;
				TARGETED_DEVICE_FAMILY = "1,2";
			};
			name = Debug;
		};
		01A5CC6D26A4B3B600DA1886 /* Release */ = {
			isa = XCBuildConfiguration;
			buildSettings = {
				ASSETCATALOG_COMPILER_APPICON_NAME = AppIcon;
				ASSETCATALOG_COMPILER_GLOBAL_ACCENT_COLOR_NAME = AccentColor;
				CODE_SIGN_STYLE = Automatic;
				DEVELOPMENT_TEAM = 24SZHTJR7B;
				INFOPLIST_FILE = onthemap/Info.plist;
				LD_RUNPATH_SEARCH_PATHS = (
					"$(inherited)",
					"@executable_path/Frameworks",
				);
				PRODUCT_BUNDLE_IDENTIFIER = iosnd.onthemap;
				PRODUCT_NAME = "$(TARGET_NAME)";
				SWIFT_VERSION = 5.0;
				TARGETED_DEVICE_FAMILY = "1,2";
			};
			name = Release;
		};
		01A5CC6F26A4B3B600DA1886 /* Debug */ = {
			isa = XCBuildConfiguration;
			buildSettings = {
				ALWAYS_EMBED_SWIFT_STANDARD_LIBRARIES = YES;
				BUNDLE_LOADER = "$(TEST_HOST)";
				CODE_SIGN_STYLE = Automatic;
				DEVELOPMENT_TEAM = 24SZHTJR7B;
				INFOPLIST_FILE = onthemapTests/Info.plist;
				IPHONEOS_DEPLOYMENT_TARGET = 14.4;
				LD_RUNPATH_SEARCH_PATHS = (
					"$(inherited)",
					"@executable_path/Frameworks",
					"@loader_path/Frameworks",
				);
				PRODUCT_BUNDLE_IDENTIFIER = iosnd.onthemapTests;
				PRODUCT_NAME = "$(TARGET_NAME)";
				SWIFT_VERSION = 5.0;
				TARGETED_DEVICE_FAMILY = "1,2";
				TEST_HOST = "$(BUILT_PRODUCTS_DIR)/onthemap.app/onthemap";
			};
			name = Debug;
		};
		01A5CC7026A4B3B600DA1886 /* Release */ = {
			isa = XCBuildConfiguration;
			buildSettings = {
				ALWAYS_EMBED_SWIFT_STANDARD_LIBRARIES = YES;
				BUNDLE_LOADER = "$(TEST_HOST)";
				CODE_SIGN_STYLE = Automatic;
				DEVELOPMENT_TEAM = 24SZHTJR7B;
				INFOPLIST_FILE = onthemapTests/Info.plist;
				IPHONEOS_DEPLOYMENT_TARGET = 14.4;
				LD_RUNPATH_SEARCH_PATHS = (
					"$(inherited)",
					"@executable_path/Frameworks",
					"@loader_path/Frameworks",
				);
				PRODUCT_BUNDLE_IDENTIFIER = iosnd.onthemapTests;
				PRODUCT_NAME = "$(TARGET_NAME)";
				SWIFT_VERSION = 5.0;
				TARGETED_DEVICE_FAMILY = "1,2";
				TEST_HOST = "$(BUILT_PRODUCTS_DIR)/onthemap.app/onthemap";
			};
			name = Release;
		};
		01A5CC7226A4B3B600DA1886 /* Debug */ = {
			isa = XCBuildConfiguration;
			buildSettings = {
				ALWAYS_EMBED_SWIFT_STANDARD_LIBRARIES = YES;
				CODE_SIGN_STYLE = Automatic;
				DEVELOPMENT_TEAM = 24SZHTJR7B;
				INFOPLIST_FILE = onthemapUITests/Info.plist;
				LD_RUNPATH_SEARCH_PATHS = (
					"$(inherited)",
					"@executable_path/Frameworks",
					"@loader_path/Frameworks",
				);
				PRODUCT_BUNDLE_IDENTIFIER = iosnd.onthemapUITests;
				PRODUCT_NAME = "$(TARGET_NAME)";
				SWIFT_VERSION = 5.0;
				TARGETED_DEVICE_FAMILY = "1,2";
				TEST_TARGET_NAME = onthemap;
			};
			name = Debug;
		};
		01A5CC7326A4B3B600DA1886 /* Release */ = {
			isa = XCBuildConfiguration;
			buildSettings = {
				ALWAYS_EMBED_SWIFT_STANDARD_LIBRARIES = YES;
				CODE_SIGN_STYLE = Automatic;
				DEVELOPMENT_TEAM = 24SZHTJR7B;
				INFOPLIST_FILE = onthemapUITests/Info.plist;
				LD_RUNPATH_SEARCH_PATHS = (
					"$(inherited)",
					"@executable_path/Frameworks",
					"@loader_path/Frameworks",
				);
				PRODUCT_BUNDLE_IDENTIFIER = iosnd.onthemapUITests;
				PRODUCT_NAME = "$(TARGET_NAME)";
				SWIFT_VERSION = 5.0;
				TARGETED_DEVICE_FAMILY = "1,2";
				TEST_TARGET_NAME = onthemap;
			};
			name = Release;
		};
/* End XCBuildConfiguration section */

/* Begin XCConfigurationList section */
		01A5CC3926A4B39F00DA1886 /* Build configuration list for PBXProject "onthemap" */ = {
			isa = XCConfigurationList;
			buildConfigurations = (
				01A5CC6926A4B3B600DA1886 /* Debug */,
				01A5CC6A26A4B3B600DA1886 /* Release */,
			);
			defaultConfigurationIsVisible = 0;
			defaultConfigurationName = Release;
		};
		01A5CC6B26A4B3B600DA1886 /* Build configuration list for PBXNativeTarget "onthemap" */ = {
			isa = XCConfigurationList;
			buildConfigurations = (
				01A5CC6C26A4B3B600DA1886 /* Debug */,
				01A5CC6D26A4B3B600DA1886 /* Release */,
			);
			defaultConfigurationIsVisible = 0;
			defaultConfigurationName = Release;
		};
		01A5CC6E26A4B3B600DA1886 /* Build configuration list for PBXNativeTarget "onthemapTests" */ = {
			isa = XCConfigurationList;
			buildConfigurations = (
				01A5CC6F26A4B3B600DA1886 /* Debug */,
				01A5CC7026A4B3B600DA1886 /* Release */,
			);
			defaultConfigurationIsVisible = 0;
			defaultConfigurationName = Release;
		};
		01A5CC7126A4B3B600DA1886 /* Build configuration list for PBXNativeTarget "onthemapUITests" */ = {
			isa = XCConfigurationList;
			buildConfigurations = (
				01A5CC7226A4B3B600DA1886 /* Debug */,
				01A5CC7326A4B3B600DA1886 /* Release */,
			);
			defaultConfigurationIsVisible = 0;
			defaultConfigurationName = Release;
		};
/* End XCConfigurationList section */

/* Begin XCVersionGroup section */
		01A5CC4A26A4B39F00DA1886 /* onthemap.xcdatamodeld */ = {
			isa = XCVersionGroup;
			children = (
				01A5CC4B26A4B39F00DA1886 /* onthemap.xcdatamodel */,
			);
			currentVersion = 01A5CC4B26A4B39F00DA1886 /* onthemap.xcdatamodel */;
			path = onthemap.xcdatamodeld;
			sourceTree = "<group>";
			versionGroupType = wrapper.xcdatamodel;
		};
/* End XCVersionGroup section */
	};
	rootObject = 01A5CC3626A4B39F00DA1886 /* Project object */;
}
